
Microsoft Visual Studio Solution File, Format Version 12.00
# Visual Studio Version 17
VisualStudioVersion = 17.7.34202.233
MinimumVisualStudioVersion = 10.0.40219.1
Project("{9A19103F-16F7-4668-BE54-9A1E7A4F7556}") = "SampleProject", "SampleProject\SampleProject.csproj", "{ABE3C16C-4DF2-4D44-8057-491E25FB6DC4}"
EndProject
Project("{FAE04EC0-301F-11D3-BF4B-00C04F79EFBC}") = "LinkedInTests", "LinkedInTests\LinkedInTests.csproj", "{580980A7-B338-4917-9390-0BECA9225E12}"
EndProject
Global
	GlobalSection(SolutionConfigurationPlatforms) = preSolution
		Debug|Any CPU = Debug|Any CPU
		Release|Any CPU = Release|Any CPU
	EndGlobalSection
	GlobalSection(ProjectConfigurationPlatforms) = postSolution
		{ABE3C16C-4DF2-4D44-8057-491E25FB6DC4}.Debug|Any CPU.ActiveCfg = Debug|Any CPU
		{ABE3C16C-4DF2-4D44-8057-491E25FB6DC4}.Debug|Any CPU.Build.0 = Debug|Any CPU
		{ABE3C16C-4DF2-4D44-8057-491E25FB6DC4}.Release|Any CPU.ActiveCfg = Release|Any CPU
		{ABE3C16C-4DF2-4D44-8057-491E25FB6DC4}.Release|Any CPU.Build.0 = Release|Any CPU
		{580980A7-B338-4917-9390-0BECA9225E12}.Debug|Any CPU.ActiveCfg = Debug|Any CPU
		{580980A7-B338-4917-9390-0BECA9225E12}.Debug|Any CPU.Build.0 = Debug|Any CPU
		{580980A7-B338-4917-9390-0BECA9225E12}.Release|Any CPU.ActiveCfg = Release|Any CPU
		{580980A7-B338-4917-9390-0BECA9225E12}.Release|Any CPU.Build.0 = Release|Any CPU
	EndGlobalSection
	GlobalSection(SolutionProperties) = preSolution
		HideSolutionNode = FALSE
	EndGlobalSection
	GlobalSection(ExtensibilityGlobals) = postSolution
		SolutionGuid = {66A2DEC0-6EB7-4F52-9D64-EC3BB6A70D15}
	EndGlobalSection
EndGlobal
